version = 1
revision = 1
requires-python = ">=3.12, <4"

[[package]]
name = "aiokafka"
version = "0.12.0"
source = { registry = "https://pypi.org/simple/" }
dependencies = [
    { name = "async-timeout" },
    { name = "packaging" },
    { name = "typing-extensions" },
]
sdist = { url = "https://files.pythonhosted.org/packages/65/ca/42a962033e6a7926dcb789168bce81d0181ef4ddabce454d830b7e62370e/aiokafka-0.12.0.tar.gz", hash = "sha256:62423895b866f95b5ed8d88335295a37cc5403af64cb7cb0e234f88adc2dff94", size = 564955 }
wheels = [
    { url = "https://files.pythonhosted.org/packages/53/d4/baf1b2389995c6c312834792329a1993a303ff703ac023250ff977c5923b/aiokafka-0.12.0-cp312-cp312-macosx_10_13_x86_64.whl", hash = "sha256:b01947553ff1120fa1cb1a05f2c3e5aa47a5378c720bafd09e6630ba18af02aa", size = 375031 },
    { url = "https://files.pythonhosted.org/packages/54/ac/653070a4add8beea7aa8209ab396de87c7b4f9628fff15efcdbaea40e973/aiokafka-0.12.0-cp312-cp312-macosx_11_0_arm64.whl", hash = "sha256:e3c8ec1c0606fa645462c7353dc3e4119cade20c4656efa2031682ffaad361c0", size = 370619 },
    { url = "https://files.pythonhosted.org/packages/80/f2/0ddaaa11876ab78e0f3b30f272c62eea70870e1a52a5afe985c7c1d098e1/aiokafka-0.12.0-cp312-cp312-manylinux_2_17_aarch64.manylinux2014_aarch64.whl", hash = "sha256:577c1c48b240e9eba57b3d2d806fb3d023a575334fc3953f063179170cc8964f", size = 1192363 },
    { url = "https://files.pythonhosted.org/packages/ae/48/541ccece0e593e24ee371dec0c33c23718bc010b04e998693e4c19091258/aiokafka-0.12.0-cp312-cp312-manylinux_2_17_x86_64.manylinux2014_x86_64.whl", hash = "sha256:d7b815b2e5fed9912f1231be6196547a367b9eb3380b487ff5942f0c73a3fb5c", size = 1213231 },
    { url = "https://files.pythonhosted.org/packages/99/3f/75bd0faa77dfecce34dd1c0edd317b608518b096809736f9987dd61f4cec/aiokafka-0.12.0-cp312-cp312-win32.whl", hash = "sha256:5a907abcdf02430df0829ac80f25b8bb849630300fa01365c76e0ae49306f512", size = 347752 },
    { url = "https://files.pythonhosted.org/packages/ef/97/e2513a0c10585e51d4d9b42c9dd5f5ab15dfe150620a4893a2c6c20f0f4a/aiokafka-0.12.0-cp312-cp312-win_amd64.whl", hash = "sha256:fdbd69ec70eea4a8dfaa5c35ff4852e90e1277fcc426b9380f0b499b77f13b16", size = 366068 },
    { url = "https://files.pythonhosted.org/packages/30/84/f1f7e603cd07e877520b5a1e48e006cbc1fe448806cabbaa98aa732f530d/aiokafka-0.12.0-cp313-cp313-macosx_10_13_x86_64.whl", hash = "sha256:f9e8ab97b935ca681a5f28cf22cf2b5112be86728876b3ec07e4ed5fc6c21f2d", size = 370960 },
    { url = "https://files.pythonhosted.org/packages/d7/c7/5237b3687198c2129c0bafa4a96cf8ae3883e20cc860125bafe16af3778e/aiokafka-0.12.0-cp313-cp313-macosx_11_0_arm64.whl", hash = "sha256:ed991c120fe19fd9439f564201dd746c4839700ef270dd4c3ee6d4895f64fe83", size = 366597 },
    { url = "https://files.pythonhosted.org/packages/6b/67/0154551292ec1c977e5def178ae5c947773e921aefb6877971e7fdf1942e/aiokafka-0.12.0-cp313-cp313-manylinux_2_17_aarch64.manylinux2014_aarch64.whl", hash = "sha256:2c01abf9787b1c3f3af779ad8e76d5b74903f590593bc26f33ed48750503e7f7", size = 1152905 },
    { url = "https://files.pythonhosted.org/packages/d9/20/69f913a76916e94c4e783dc7d0d05a25c384b25faec33e121062c62411fe/aiokafka-0.12.0-cp313-cp313-manylinux_2_17_x86_64.manylinux2014_x86_64.whl", hash = "sha256:08c84b3894d97fd02fcc8886f394000d0f5ce771fab5c498ea2b0dd2f6b46d5b", size = 1171893 },
    { url = "https://files.pythonhosted.org/packages/16/65/41cc1b19e7dea623ef58f3bf1e2720377c5757a76d9799d53a1b5fc39255/aiokafka-0.12.0-cp313-cp313-win32.whl", hash = "sha256:63875fed922c8c7cf470d9b2a82e1b76b4a1baf2ae62e07486cf516fd09ff8f2", size = 345933 },
    { url = "https://files.pythonhosted.org/packages/bf/0d/4cb57231ff650a01123a09075bf098d8fdaf94b15a1a58465066b2251e8b/aiokafka-0.12.0-cp313-cp313-win_amd64.whl", hash = "sha256:bdc0a83eb386d2384325d6571f8ef65b4cfa205f8d1c16d7863e8d10cacd995a", size = 363194 },
]

[[package]]
name = "annotated-types"
version = "0.7.0"
source = { registry = "https://pypi.org/simple/" }
sdist = { url = "https://files.pythonhosted.org/packages/ee/67/531ea369ba64dcff5ec9c3402f9f51bf748cec26dde048a2f973a4eea7f5/annotated_types-0.7.0.tar.gz", hash = "sha256:aff07c09a53a08bc8cfccb9c85b05f1aa9a2a6f23728d790723543408344ce89", size = 16081 }
wheels = [
    { url = "https://files.pythonhosted.org/packages/78/b6/6307fbef88d9b5ee7421e68d78a9f162e0da4900bc5f5793f6d3d0e34fb8/annotated_types-0.7.0-py3-none-any.whl", hash = "sha256:1f02e8b43a8fbbc3f3e0d4f0f4bfc8131bcb4eebe8849b8e5c773f3a1c582a53", size = 13643 },
]

[[package]]
name = "anyio"
version = "4.8.0"
source = { registry = "https://pypi.org/simple/" }
dependencies = [
    { name = "idna" },
    { name = "sniffio" },
    { name = "typing-extensions", marker = "python_full_version < '3.13'" },
]
sdist = { url = "https://files.pythonhosted.org/packages/a3/73/199a98fc2dae33535d6b8e8e6ec01f8c1d76c9adb096c6b7d64823038cde/anyio-4.8.0.tar.gz", hash = "sha256:1d9fe889df5212298c0c0723fa20479d1b94883a2df44bd3897aa91083316f7a", size = 181126 }
wheels = [
    { url = "https://files.pythonhosted.org/packages/46/eb/e7f063ad1fec6b3178a3cd82d1a3c4de82cccf283fc42746168188e1cdd5/anyio-4.8.0-py3-none-any.whl", hash = "sha256:b5011f270ab5eb0abf13385f851315585cc37ef330dd88e27ec3d34d651fd47a", size = 96041 },
]

[[package]]
name = "asgiref"
version = "3.8.1"
source = { registry = "https://pypi.org/simple/" }
sdist = { url = "https://files.pythonhosted.org/packages/29/38/b3395cc9ad1b56d2ddac9970bc8f4141312dbaec28bc7c218b0dfafd0f42/asgiref-3.8.1.tar.gz", hash = "sha256:c343bd80a0bec947a9860adb4c432ffa7db769836c64238fc34bdc3fec84d590", size = 35186 }
wheels = [
    { url = "https://files.pythonhosted.org/packages/39/e3/893e8757be2612e6c266d9bb58ad2e3651524b5b40cf56761e985a28b13e/asgiref-3.8.1-py3-none-any.whl", hash = "sha256:3e1e3ecc849832fe52ccf2cb6686b7a55f82bb1d6aee72a58826471390335e47", size = 23828 },
]

[[package]]
name = "async-timeout"
version = "5.0.1"
source = { registry = "https://pypi.org/simple/" }
sdist = { url = "https://files.pythonhosted.org/packages/a5/ae/136395dfbfe00dfc94da3f3e136d0b13f394cba8f4841120e34226265780/async_timeout-5.0.1.tar.gz", hash = "sha256:d9321a7a3d5a6a5e187e824d2fa0793ce379a202935782d555d6e9d2735677d3", size = 9274 }
wheels = [
    { url = "https://files.pythonhosted.org/packages/fe/ba/e2081de779ca30d473f21f5b30e0e737c438205440784c7dfc81efc2b029/async_timeout-5.0.1-py3-none-any.whl", hash = "sha256:39e3809566ff85354557ec2398b55e096c8364bacac9405a7a1fa429e77fe76c", size = 6233 },
]

[[package]]
name = "certifi"
version = "2025.1.31"
source = { registry = "https://pypi.org/simple/" }
sdist = { url = "https://files.pythonhosted.org/packages/1c/ab/c9f1e32b7b1bf505bf26f0ef697775960db7932abeb7b516de930ba2705f/certifi-2025.1.31.tar.gz", hash = "sha256:3d5da6925056f6f18f119200434a4780a94263f10d1c21d032a6f6b2baa20651", size = 167577 }
wheels = [
    { url = "https://files.pythonhosted.org/packages/38/fc/bce832fd4fd99766c04d1ee0eead6b0ec6486fb100ae5e74c1d91292b982/certifi-2025.1.31-py3-none-any.whl", hash = "sha256:ca78db4565a652026a4db2bcdf68f2fb589ea80d0be70e03929ed730746b84fe", size = 166393 },
]

[[package]]
name = "charset-normalizer"
version = "3.4.1"
source = { registry = "https://pypi.org/simple/" }
sdist = { url = "https://files.pythonhosted.org/packages/16/b0/572805e227f01586461c80e0fd25d65a2115599cc9dad142fee4b747c357/charset_normalizer-3.4.1.tar.gz", hash = "sha256:44251f18cd68a75b56585dd00dae26183e102cd5e0f9f1466e6df5da2ed64ea3", size = 123188 }
wheels = [
    { url = "https://files.pythonhosted.org/packages/0a/9a/dd1e1cdceb841925b7798369a09279bd1cf183cef0f9ddf15a3a6502ee45/charset_normalizer-3.4.1-cp312-cp312-macosx_10_13_universal2.whl", hash = "sha256:73d94b58ec7fecbc7366247d3b0b10a21681004153238750bb67bd9012414545", size = 196105 },
    { url = "https://files.pythonhosted.org/packages/d3/8c/90bfabf8c4809ecb648f39794cf2a84ff2e7d2a6cf159fe68d9a26160467/charset_normalizer-3.4.1-cp312-cp312-manylinux_2_17_aarch64.manylinux2014_aarch64.whl", hash = "sha256:dad3e487649f498dd991eeb901125411559b22e8d7ab25d3aeb1af367df5efd7", size = 140404 },
    { url = "https://files.pythonhosted.org/packages/ad/8f/e410d57c721945ea3b4f1a04b74f70ce8fa800d393d72899f0a40526401f/charset_normalizer-3.4.1-cp312-cp312-manylinux_2_17_ppc64le.manylinux2014_ppc64le.whl", hash = "sha256:c30197aa96e8eed02200a83fba2657b4c3acd0f0aa4bdc9f6c1af8e8962e0757", size = 150423 },
    { url = "https://files.pythonhosted.org/packages/f0/b8/e6825e25deb691ff98cf5c9072ee0605dc2acfca98af70c2d1b1bc75190d/charset_normalizer-3.4.1-cp312-cp312-manylinux_2_17_s390x.manylinux2014_s390x.whl", hash = "sha256:2369eea1ee4a7610a860d88f268eb39b95cb588acd7235e02fd5a5601773d4fa", size = 143184 },
    { url = "https://files.pythonhosted.org/packages/3e/a2/513f6cbe752421f16d969e32f3583762bfd583848b763913ddab8d9bfd4f/charset_normalizer-3.4.1-cp312-cp312-manylinux_2_17_x86_64.manylinux2014_x86_64.whl", hash = "sha256:bc2722592d8998c870fa4e290c2eec2c1569b87fe58618e67d38b4665dfa680d", size = 145268 },
    { url = "https://files.pythonhosted.org/packages/74/94/8a5277664f27c3c438546f3eb53b33f5b19568eb7424736bdc440a88a31f/charset_normalizer-3.4.1-cp312-cp312-manylinux_2_5_i686.manylinux1_i686.manylinux_2_17_i686.manylinux2014_i686.whl", hash = "sha256:ffc9202a29ab3920fa812879e95a9e78b2465fd10be7fcbd042899695d75e616", size = 147601 },
    { url = "https://files.pythonhosted.org/packages/7c/5f/6d352c51ee763623a98e31194823518e09bfa48be2a7e8383cf691bbb3d0/charset_normalizer-3.4.1-cp312-cp312-musllinux_1_2_aarch64.whl", hash = "sha256:804a4d582ba6e5b747c625bf1255e6b1507465494a40a2130978bda7b932c90b", size = 141098 },
    { url = "https://files.pythonhosted.org/packages/78/d4/f5704cb629ba5ab16d1d3d741396aec6dc3ca2b67757c45b0599bb010478/charset_normalizer-3.4.1-cp312-cp312-musllinux_1_2_i686.whl", hash = "sha256:0f55e69f030f7163dffe9fd0752b32f070566451afe180f99dbeeb81f511ad8d", size = 149520 },
    { url = "https://files.pythonhosted.org/packages/c5/96/64120b1d02b81785f222b976c0fb79a35875457fa9bb40827678e54d1bc8/charset_normalizer-3.4.1-cp312-cp312-musllinux_1_2_ppc64le.whl", hash = "sha256:c4c3e6da02df6fa1410a7680bd3f63d4f710232d3139089536310d027950696a", size = 152852 },
    { url = "https://files.pythonhosted.org/packages/84/c9/98e3732278a99f47d487fd3468bc60b882920cef29d1fa6ca460a1fdf4e6/charset_normalizer-3.4.1-cp312-cp312-musllinux_1_2_s390x.whl", hash = "sha256:5df196eb874dae23dcfb968c83d4f8fdccb333330fe1fc278ac5ceeb101003a9", size = 150488 },
    { url = "https://files.pythonhosted.org/packages/13/0e/9c8d4cb99c98c1007cc11eda969ebfe837bbbd0acdb4736d228ccaabcd22/charset_normalizer-3.4.1-cp312-cp312-musllinux_1_2_x86_64.whl", hash = "sha256:e358e64305fe12299a08e08978f51fc21fac060dcfcddd95453eabe5b93ed0e1", size = 146192 },
    { url = "https://files.pythonhosted.org/packages/b2/21/2b6b5b860781a0b49427309cb8670785aa543fb2178de875b87b9cc97746/charset_normalizer-3.4.1-cp312-cp312-win32.whl", hash = "sha256:9b23ca7ef998bc739bf6ffc077c2116917eabcc901f88da1b9856b210ef63f35", size = 95550 },
    { url = "https://files.pythonhosted.org/packages/21/5b/1b390b03b1d16c7e382b561c5329f83cc06623916aab983e8ab9239c7d5c/charset_normalizer-3.4.1-cp312-cp312-win_amd64.whl", hash = "sha256:6ff8a4a60c227ad87030d76e99cd1698345d4491638dfa6673027c48b3cd395f", size = 102785 },
    { url = "https://files.pythonhosted.org/packages/38/94/ce8e6f63d18049672c76d07d119304e1e2d7c6098f0841b51c666e9f44a0/charset_normalizer-3.4.1-cp313-cp313-macosx_10_13_universal2.whl", hash = "sha256:aabfa34badd18f1da5ec1bc2715cadc8dca465868a4e73a0173466b688f29dda", size = 195698 },
    { url = "https://files.pythonhosted.org/packages/24/2e/dfdd9770664aae179a96561cc6952ff08f9a8cd09a908f259a9dfa063568/charset_normalizer-3.4.1-cp313-cp313-manylinux_2_17_aarch64.manylinux2014_aarch64.whl", hash = "sha256:22e14b5d70560b8dd51ec22863f370d1e595ac3d024cb8ad7d308b4cd95f8313", size = 140162 },
    { url = "https://files.pythonhosted.org/packages/24/4e/f646b9093cff8fc86f2d60af2de4dc17c759de9d554f130b140ea4738ca6/charset_normalizer-3.4.1-cp313-cp313-manylinux_2_17_ppc64le.manylinux2014_ppc64le.whl", hash = "sha256:8436c508b408b82d87dc5f62496973a1805cd46727c34440b0d29d8a2f50a6c9", size = 150263 },
    { url = "https://files.pythonhosted.org/packages/5e/67/2937f8d548c3ef6e2f9aab0f6e21001056f692d43282b165e7c56023e6dd/charset_normalizer-3.4.1-cp313-cp313-manylinux_2_17_s390x.manylinux2014_s390x.whl", hash = "sha256:2d074908e1aecee37a7635990b2c6d504cd4766c7bc9fc86d63f9c09af3fa11b", size = 142966 },
    { url = "https://files.pythonhosted.org/packages/52/ed/b7f4f07de100bdb95c1756d3a4d17b90c1a3c53715c1a476f8738058e0fa/charset_normalizer-3.4.1-cp313-cp313-manylinux_2_17_x86_64.manylinux2014_x86_64.whl", hash = "sha256:955f8851919303c92343d2f66165294848d57e9bba6cf6e3625485a70a038d11", size = 144992 },
    { url = "https://files.pythonhosted.org/packages/96/2c/d49710a6dbcd3776265f4c923bb73ebe83933dfbaa841c5da850fe0fd20b/charset_normalizer-3.4.1-cp313-cp313-manylinux_2_5_i686.manylinux1_i686.manylinux_2_17_i686.manylinux2014_i686.whl", hash = "sha256:44ecbf16649486d4aebafeaa7ec4c9fed8b88101f4dd612dcaf65d5e815f837f", size = 147162 },
    { url = "https://files.pythonhosted.org/packages/b4/41/35ff1f9a6bd380303dea55e44c4933b4cc3c4850988927d4082ada230273/charset_normalizer-3.4.1-cp313-cp313-musllinux_1_2_aarch64.whl", hash = "sha256:0924e81d3d5e70f8126529951dac65c1010cdf117bb75eb02dd12339b57749dd", size = 140972 },
    { url = "https://files.pythonhosted.org/packages/fb/43/c6a0b685fe6910d08ba971f62cd9c3e862a85770395ba5d9cad4fede33ab/charset_normalizer-3.4.1-cp313-cp313-musllinux_1_2_i686.whl", hash = "sha256:2967f74ad52c3b98de4c3b32e1a44e32975e008a9cd2a8cc8966d6a5218c5cb2", size = 149095 },
    { url = "https://files.pythonhosted.org/packages/4c/ff/a9a504662452e2d2878512115638966e75633519ec11f25fca3d2049a94a/charset_normalizer-3.4.1-cp313-cp313-musllinux_1_2_ppc64le.whl", hash = "sha256:c75cb2a3e389853835e84a2d8fb2b81a10645b503eca9bcb98df6b5a43eb8886", size = 152668 },
    { url = "https://files.pythonhosted.org/packages/6c/71/189996b6d9a4b932564701628af5cee6716733e9165af1d5e1b285c530ed/charset_normalizer-3.4.1-cp313-cp313-musllinux_1_2_s390x.whl", hash = "sha256:09b26ae6b1abf0d27570633b2b078a2a20419c99d66fb2823173d73f188ce601", size = 150073 },
    { url = "https://files.pythonhosted.org/packages/e4/93/946a86ce20790e11312c87c75ba68d5f6ad2208cfb52b2d6a2c32840d922/charset_normalizer-3.4.1-cp313-cp313-musllinux_1_2_x86_64.whl", hash = "sha256:fa88b843d6e211393a37219e6a1c1df99d35e8fd90446f1118f4216e307e48cd", size = 145732 },
    { url = "https://files.pythonhosted.org/packages/cd/e5/131d2fb1b0dddafc37be4f3a2fa79aa4c037368be9423061dccadfd90091/charset_normalizer-3.4.1-cp313-cp313-win32.whl", hash = "sha256:eb8178fe3dba6450a3e024e95ac49ed3400e506fd4e9e5c32d30adda88cbd407", size = 95391 },
    { url = "https://files.pythonhosted.org/packages/27/f2/4f9a69cc7712b9b5ad8fdb87039fd89abba997ad5cbe690d1835d40405b0/charset_normalizer-3.4.1-cp313-cp313-win_amd64.whl", hash = "sha256:b1ac5992a838106edb89654e0aebfc24f5848ae2547d22c2c3f66454daa11971", size = 102702 },
    { url = "https://files.pythonhosted.org/packages/0e/f6/65ecc6878a89bb1c23a086ea335ad4bf21a588990c3f535a227b9eea9108/charset_normalizer-3.4.1-py3-none-any.whl", hash = "sha256:d98b1668f06378c6dbefec3b92299716b931cd4e6061f3c875a71ced1780ab85", size = 49767 },
]

[[package]]
name = "click"
version = "8.1.8"
source = { registry = "https://pypi.org/simple/" }
dependencies = [
    { name = "colorama", marker = "sys_platform == 'win32'" },
]
sdist = { url = "https://files.pythonhosted.org/packages/b9/2e/0090cbf739cee7d23781ad4b89a9894a41538e4fcf4c31dcdd705b78eb8b/click-8.1.8.tar.gz", hash = "sha256:ed53c9d8990d83c2a27deae68e4ee337473f6330c040a31d4225c9574d16096a", size = 226593 }
wheels = [
    { url = "https://files.pythonhosted.org/packages/7e/d4/7ebdbd03970677812aac39c869717059dbb71a4cfc033ca6e5221787892c/click-8.1.8-py3-none-any.whl", hash = "sha256:63c132bbbed01578a06712a2d1f497bb62d9c1c0d329b7903a866228027263b2", size = 98188 },
]

[[package]]
name = "colorama"
version = "0.4.6"
source = { registry = "https://pypi.org/simple/" }
sdist = { url = "https://files.pythonhosted.org/packages/d8/53/6f443c9a4a8358a93a6792e2acffb9d9d5cb0a5cfd8802644b7b1c9a02e4/colorama-0.4.6.tar.gz", hash = "sha256:08695f5cb7ed6e0531a20572697297273c47b8cae5a63ffc6d6ed5c201be6e44", size = 27697 }
wheels = [
    { url = "https://files.pythonhosted.org/packages/d1/d6/3965ed04c63042e047cb6a3e6ed1a63a35087b6a609aa3a15ed8ac56c221/colorama-0.4.6-py2.py3-none-any.whl", hash = "sha256:4f1d9991f5acc0ca119f9d443620b77f9d6b33703e51011c16baf57afb285fc6", size = 25335 },
]

[[package]]
name = "django"
version = "5.1.7"
source = { registry = "https://pypi.org/simple/" }
dependencies = [
    { name = "asgiref" },
    { name = "sqlparse" },
    { name = "tzdata", marker = "sys_platform == 'win32'" },
]
sdist = { url = "https://files.pythonhosted.org/packages/5f/57/11186e493ddc5a5e92cc7924a6363f7d4c2b645f7d7cb04a26a63f9bfb8b/Django-5.1.7.tar.gz", hash = "sha256:30de4ee43a98e5d3da36a9002f287ff400b43ca51791920bfb35f6917bfe041c", size = 10716510 }
wheels = [
    { url = "https://files.pythonhosted.org/packages/ba/0f/7e042df3d462d39ae01b27a09ee76653692442bc3701fbfa6cb38e12889d/Django-5.1.7-py3-none-any.whl", hash = "sha256:1323617cb624add820cb9611cdcc788312d250824f92ca6048fda8625514af2b", size = 8276912 },
]

[[package]]
name = "djangorestframework"
version = "3.15.2"
source = { registry = "https://pypi.org/simple/" }
dependencies = [
    { name = "django" },
]
sdist = { url = "https://files.pythonhosted.org/packages/2c/ce/31482eb688bdb4e271027076199e1aa8d02507e530b6d272ab8b4481557c/djangorestframework-3.15.2.tar.gz", hash = "sha256:36fe88cd2d6c6bec23dca9804bab2ba5517a8bb9d8f47ebc68981b56840107ad", size = 1067420 }
wheels = [
    { url = "https://files.pythonhosted.org/packages/7c/b6/fa99d8f05eff3a9310286ae84c4059b08c301ae4ab33ae32e46e8ef76491/djangorestframework-3.15.2-py3-none-any.whl", hash = "sha256:2b8871b062ba1aefc2de01f773875441a961fefbf79f5eed1e32b2f096944b20", size = 1071235 },
]

[[package]]
name = "email-sender-service"
version = "0.1.0"
source = { editable = "." }
dependencies = [
    { name = "aiokafka" },
    { name = "djangorestframework" },
    { name = "fastapi" },
    { name = "kafka-python" },
    { name = "pydantic" },
    { name = "python-decouple" },
    { name = "python-dotenv" },
    { name = "requests" },
    { name = "starlette" },
    { name = "typing-extensions" },
    { name = "uvicorn" },
]

[package.optional-dependencies]
dev = [
    { name = "pytest" },
    { name = "pytest-asyncio" },
    { name = "uv" },
]

[package.metadata]
requires-dist = [
    { name = "aiokafka", specifier = "~=0.12.0" },
    { name = "djangorestframework", specifier = "~=3.15.2" },
    { name = "fastapi", specifier = "~=0.115.8" },
    { name = "kafka-python", specifier = "~=2.0.4" },
    { name = "pydantic", specifier = "==2.4.0" },
    { name = "pytest", marker = "extra == 'dev'", specifier = "~=8.3.4" },
    { name = "pytest-asyncio", marker = "extra == 'dev'", specifier = "==0.25.3" },
    { name = "python-decouple", specifier = "~=3.8" },
    { name = "python-dotenv", specifier = "~=1.0.1" },
    { name = "requests", specifier = "~=2.32.3" },
    { name = "starlette", specifier = "~=0.45.3" },
    { name = "typing-extensions", specifier = "~=4.12.2" },
    { name = "uv", marker = "extra == 'dev'", specifier = "==0.6.3" },
    { name = "uvicorn", specifier = "==0.34.0" },
]
provides-extras = ["dev"]

[[package]]
name = "fastapi"
version = "0.115.11"
source = { registry = "https://pypi.org/simple/" }
dependencies = [
    { name = "pydantic" },
    { name = "starlette" },
    { name = "typing-extensions" },
]
sdist = { url = "https://files.pythonhosted.org/packages/b5/28/c5d26e5860df807241909a961a37d45e10533acef95fc368066c7dd186cd/fastapi-0.115.11.tar.gz", hash = "sha256:cc81f03f688678b92600a65a5e618b93592c65005db37157147204d8924bf94f", size = 294441 }
wheels = [
    { url = "https://files.pythonhosted.org/packages/b3/5d/4d8bbb94f0dbc22732350c06965e40740f4a92ca560e90bb566f4f73af41/fastapi-0.115.11-py3-none-any.whl", hash = "sha256:32e1541b7b74602e4ef4a0260ecaf3aadf9d4f19590bba3e1bf2ac4666aa2c64", size = 94926 },
]

[[package]]
name = "h11"
version = "0.14.0"
source = { registry = "https://pypi.org/simple/" }
sdist = { url = "https://files.pythonhosted.org/packages/f5/38/3af3d3633a34a3316095b39c8e8fb4853a28a536e55d347bd8d8e9a14b03/h11-0.14.0.tar.gz", hash = "sha256:8f19fbbe99e72420ff35c00b27a34cb9937e902a8b810e2c88300c6f0a3b699d", size = 100418 }
wheels = [
    { url = "https://files.pythonhosted.org/packages/95/04/ff642e65ad6b90db43e668d70ffb6736436c7ce41fcc549f4e9472234127/h11-0.14.0-py3-none-any.whl", hash = "sha256:e3fe4ac4b851c468cc8363d500db52c2ead036020723024a109d37346efaa761", size = 58259 },
]

[[package]]
name = "idna"
version = "3.10"
source = { registry = "https://pypi.org/simple/" }
sdist = { url = "https://files.pythonhosted.org/packages/f1/70/7703c29685631f5a7590aa73f1f1d3fa9a380e654b86af429e0934a32f7d/idna-3.10.tar.gz", hash = "sha256:12f65c9b470abda6dc35cf8e63cc574b1c52b11df2c86030af0ac09b01b13ea9", size = 190490 }
wheels = [
    { url = "https://files.pythonhosted.org/packages/76/c6/c88e154df9c4e1a2a66ccf0005a88dfb2650c1dffb6f5ce603dfbd452ce3/idna-3.10-py3-none-any.whl", hash = "sha256:946d195a0d259cbba61165e88e65941f16e9b36ea6ddb97f00452bae8b1287d3", size = 70442 },
]

[[package]]
name = "iniconfig"
version = "2.0.0"
source = { registry = "https://pypi.org/simple/" }
sdist = { url = "https://files.pythonhosted.org/packages/d7/4b/cbd8e699e64a6f16ca3a8220661b5f83792b3017d0f79807cb8708d33913/iniconfig-2.0.0.tar.gz", hash = "sha256:2d91e135bf72d31a410b17c16da610a82cb55f6b0477d1a902134b24a455b8b3", size = 4646 }
wheels = [
    { url = "https://files.pythonhosted.org/packages/ef/a6/62565a6e1cf69e10f5727360368e451d4b7f58beeac6173dc9db836a5b46/iniconfig-2.0.0-py3-none-any.whl", hash = "sha256:b6a85871a79d2e3b22d2d1b94ac2824226a63c6b741c88f7ae975f18b6778374", size = 5892 },
]

[[package]]
name = "kafka-python"
version = "2.0.6"
source = { registry = "https://pypi.org/simple/" }
sdist = { url = "https://files.pythonhosted.org/packages/4f/ea/a084e240b0c2d3cc79b22c3ad8e7ed23293d362f22aaebd24e25bb38f21d/kafka_python-2.0.6.tar.gz", hash = "sha256:3ac47e7c41a67a1c23f1856c1953594440bb3d9cd532ad70e353982724e5d52d", size = 282472 }
wheels = [
    { url = "https://files.pythonhosted.org/packages/64/28/348b014ccbc13acb2000f136b8d525de94ba1a5e6c4b558a9a535baf010a/kafka_python-2.0.6-py2.py3-none-any.whl", hash = "sha256:a2fdb00eaea7a827f5f74693365af6b615ff0795860261d8ebaad2bb5bc73e81", size = 252105 },
]

[[package]]
name = "packaging"
version = "24.2"
source = { registry = "https://pypi.org/simple/" }
sdist = { url = "https://files.pythonhosted.org/packages/d0/63/68dbb6eb2de9cb10ee4c9c14a0148804425e13c4fb20d61cce69f53106da/packaging-24.2.tar.gz", hash = "sha256:c228a6dc5e932d346bc5739379109d49e8853dd8223571c7c5b55260edc0b97f", size = 163950 }
wheels = [
    { url = "https://files.pythonhosted.org/packages/88/ef/eb23f262cca3c0c4eb7ab1933c3b1f03d021f2c48f54763065b6f0e321be/packaging-24.2-py3-none-any.whl", hash = "sha256:09abb1bccd265c01f4a3aa3f7a7db064b36514d2cba19a2f694fe6150451a759", size = 65451 },
]

[[package]]
name = "pluggy"
version = "1.5.0"
source = { registry = "https://pypi.org/simple/" }
sdist = { url = "https://files.pythonhosted.org/packages/96/2d/02d4312c973c6050a18b314a5ad0b3210edb65a906f868e31c111dede4a6/pluggy-1.5.0.tar.gz", hash = "sha256:2cffa88e94fdc978c4c574f15f9e59b7f4201d439195c3715ca9e2486f1d0cf1", size = 67955 }
wheels = [
    { url = "https://files.pythonhosted.org/packages/88/5f/e351af9a41f866ac3f1fac4ca0613908d9a41741cfcf2228f4ad853b697d/pluggy-1.5.0-py3-none-any.whl", hash = "sha256:44e1ad92c8ca002de6377e165f3e0f1be63266ab4d554740532335b9d75ea669", size = 20556 },
]

[[package]]
name = "pydantic"
version = "2.4.0"
source = { registry = "https://pypi.org/simple/" }
dependencies = [
    { name = "annotated-types" },
    { name = "pydantic-core" },
    { name = "typing-extensions" },
]
sdist = { url = "https://files.pythonhosted.org/packages/4c/9b/e5d3fab077b3e1f7574fbe9b6bdd19d7b047bf2746495501f26757872763/pydantic-2.4.0.tar.gz", hash = "sha256:54216ccb537a606579f53d7f6ed912e98fffce35aff93b25cd80b1c2ca806fc3", size = 651740 }
wheels = [
    { url = "https://files.pythonhosted.org/packages/f9/3e/2c5b1c8c7b0079eea7191f6b5b804d47db433e4e4e229b90455d4af7226d/pydantic-2.4.0-py3-none-any.whl", hash = "sha256:909b2b7d7be775a890631218e8c4b6b5418c9b6c57074ae153e5c09b73bf06a3", size = 395435 },
]

[[package]]
name = "pydantic-core"
version = "2.10.0"
source = { registry = "https://pypi.org/simple/" }
dependencies = [
    { name = "typing-extensions" },
]
sdist = { url = "https://files.pythonhosted.org/packages/ff/0f/dda2917c54fba480fd6b0242ed0efe6b03538bf7b6feed2c0c60288c980a/pydantic_core-2.10.0.tar.gz", hash = "sha256:8fe66506700efdfc699c613ccc4974ac7d8fceed8c74983e55ec380504db2e05", size = 347291 }
wheels = [
    { url = "https://files.pythonhosted.org/packages/c7/d1/f354c880605012c668732bddc5ae49b0291cef4b1f26099341508790caac/pydantic_core-2.10.0-cp312-cp312-macosx_10_7_x86_64.whl", hash = "sha256:c2a126c7271a9421005a0f57cf71294ad49c375e4d0a9198b93665796f49e7f7", size = 1842640 },
    { url = "https://files.pythonhosted.org/packages/a2/70/4f610cf4e3aa733b426c9be4e11663a695cfba4f2cd467dcbdcb456921df/pydantic_core-2.10.0-cp312-cp312-macosx_11_0_arm64.whl", hash = "sha256:7440933341f655a64456065211cf7657c3cf3524d5b0b02f5d9b63ef5a7e0d49", size = 1725128 },
    { url = "https://files.pythonhosted.org/packages/8b/84/a932674f4a8adf36dd522aed1f0d042381b1ca659d3ed7beeb695ffe6d83/pydantic_core-2.10.0-cp312-cp312-manylinux_2_17_aarch64.manylinux2014_aarch64.whl", hash = "sha256:85d8225cd08aacb8a2843cf0a0a72f1c403c6ac6f18d4cfeecabe050f80c9ea3", size = 1811708 },
    { url = "https://files.pythonhosted.org/packages/fb/51/99da63680ae20db5cb19494da664a07e7f451b87bd5796f8a4c3dada2886/pydantic_core-2.10.0-cp312-cp312-manylinux_2_17_armv7l.manylinux2014_armv7l.whl", hash = "sha256:573e89b3da5908f564ae54b6284e20b490158681e91e1776a59dfda17ec0a6a8", size = 1844575 },
    { url = "https://files.pythonhosted.org/packages/5f/98/a5459cccc678578324dc3620888a23642813c8a049b9696473e3c41d14a8/pydantic_core-2.10.0-cp312-cp312-manylinux_2_17_ppc64le.manylinux2014_ppc64le.whl", hash = "sha256:b0061965942489e6da23f0399b1136fd10eff0a4f0cefae13369eba1776e22a6", size = 1975548 },
    { url = "https://files.pythonhosted.org/packages/3c/82/ff5d176d1ae5f0f4b7abdfa257fbc32c102d10ff760905bc91f50d95d8f4/pydantic_core-2.10.0-cp312-cp312-manylinux_2_17_s390x.manylinux2014_s390x.whl", hash = "sha256:725f0276402773a6b61b6f67bf9562f37ba08a8bfebdfb9990eea786ed5711b2", size = 2879209 },
    { url = "https://files.pythonhosted.org/packages/5c/61/9680bad414c561fad3f25688221fd3c25bc624680317026b68502fae07b0/pydantic_core-2.10.0-cp312-cp312-manylinux_2_17_x86_64.manylinux2014_x86_64.whl", hash = "sha256:25cacd12689b1a357ae6212c7f5980ebf487720db5bbf1bb5d91085226b6a962", size = 2008033 },
    { url = "https://files.pythonhosted.org/packages/31/19/dc4f4648272adce91985d8612d23507675a7391e2347a6d5e063f300d0f0/pydantic_core-2.10.0-cp312-cp312-manylinux_2_5_i686.manylinux1_i686.whl", hash = "sha256:e70c6c882ab101a72010c8f91e87db211fa2aaf6aa51acc7160fe5649630ed75", size = 1920181 },
    { url = "https://files.pythonhosted.org/packages/fa/12/8dc4778ac1b3b0cb88747c9b214ce3b280d71e29506d8da48b286c1cf720/pydantic_core-2.10.0-cp312-cp312-musllinux_1_1_aarch64.whl", hash = "sha256:e079540fd4c45c23de4465cafb20cddcd8befe3b5f46505a2eb28e49b9d13ee2", size = 1963575 },
    { url = "https://files.pythonhosted.org/packages/1f/06/d6e028ea51f164b5be89bf286d932ed29889f3d7798d463996911833f751/pydantic_core-2.10.0-cp312-cp312-musllinux_1_1_x86_64.whl", hash = "sha256:98474284adb71c8738e5efb71ccb1382d8d66f042ad0875018c78bcb38ac0f47", size = 2097649 },
    { url = "https://files.pythonhosted.org/packages/4c/33/ea6270fca0324ced79218ff7e7ad0f906f4fbe6cadca390ac9acbbbb876a/pydantic_core-2.10.0-cp312-none-win32.whl", hash = "sha256:ab1fa046ef9058ceef941b576c5e7711bab3d99be00a304fb4726cf4b94e05ff", size = 1724529 },
    { url = "https://files.pythonhosted.org/packages/94/62/fdc19faae34078257ffd492844ecd38fbfcd47e3c4cfc47246540565a695/pydantic_core-2.10.0-cp312-none-win_amd64.whl", hash = "sha256:b4df023610af081d6da85328411fed7aacf19e939fe955bb31f29212f8dcf306", size = 1977251 },
    { url = "https://files.pythonhosted.org/packages/ac/f3/056b668cc842f206c4bd905f20b51e422ef8f07b6911b0a70e57bc8a64fe/pydantic_core-2.10.0-cp312-none-win_arm64.whl", hash = "sha256:f1a70f99d1a7270d4f321a8824e87d5b88acd64c2af6049915b7fd8215437e04", size = 1817566 },
]

[[package]]
name = "pytest"
version = "8.3.5"
source = { registry = "https://pypi.org/simple/" }
dependencies = [
    { name = "colorama", marker = "sys_platform == 'win32'" },
    { name = "iniconfig" },
    { name = "packaging" },
    { name = "pluggy" },
]
sdist = { url = "https://files.pythonhosted.org/packages/ae/3c/c9d525a414d506893f0cd8a8d0de7706446213181570cdbd766691164e40/pytest-8.3.5.tar.gz", hash = "sha256:f4efe70cc14e511565ac476b57c279e12a855b11f48f212af1080ef2263d3845", size = 1450891 }
wheels = [
    { url = "https://files.pythonhosted.org/packages/30/3d/64ad57c803f1fa1e963a7946b6e0fea4a70df53c1a7fed304586539c2bac/pytest-8.3.5-py3-none-any.whl", hash = "sha256:c69214aa47deac29fad6c2a4f590b9c4a9fdb16a403176fe154b79c0b4d4d820", size = 343634 },
]

[[package]]
name = "pytest-asyncio"
version = "0.25.3"
source = { registry = "https://pypi.org/simple/" }
dependencies = [
    { name = "pytest" },
]
sdist = { url = "https://files.pythonhosted.org/packages/f2/a8/ecbc8ede70921dd2f544ab1cadd3ff3bf842af27f87bbdea774c7baa1d38/pytest_asyncio-0.25.3.tar.gz", hash = "sha256:fc1da2cf9f125ada7e710b4ddad05518d4cee187ae9412e9ac9271003497f07a", size = 54239 }
wheels = [
    { url = "https://files.pythonhosted.org/packages/67/17/3493c5624e48fd97156ebaec380dcaafee9506d7e2c46218ceebbb57d7de/pytest_asyncio-0.25.3-py3-none-any.whl", hash = "sha256:9e89518e0f9bd08928f97a3482fdc4e244df17529460bc038291ccaf8f85c7c3", size = 19467 },
]

[[package]]
name = "python-decouple"
version = "3.8"
source = { registry = "https://pypi.org/simple/" }
sdist = { url = "https://files.pythonhosted.org/packages/e1/97/373dcd5844ec0ea5893e13c39a2c67e7537987ad8de3842fe078db4582fa/python-decouple-3.8.tar.gz", hash = "sha256:ba6e2657d4f376ecc46f77a3a615e058d93ba5e465c01bbe57289bfb7cce680f", size = 9612 }
wheels = [
    { url = "https://files.pythonhosted.org/packages/a2/d4/9193206c4563ec771faf2ccf54815ca7918529fe81f6adb22ee6d0e06622/python_decouple-3.8-py3-none-any.whl", hash = "sha256:d0d45340815b25f4de59c974b855bb38d03151d81b037d9e3f463b0c9f8cbd66", size = 9947 },
]

[[package]]
name = "python-dotenv"
version = "1.0.1"
source = { registry = "https://pypi.org/simple/" }
sdist = { url = "https://files.pythonhosted.org/packages/bc/57/e84d88dfe0aec03b7a2d4327012c1627ab5f03652216c63d49846d7a6c58/python-dotenv-1.0.1.tar.gz", hash = "sha256:e324ee90a023d808f1959c46bcbc04446a10ced277783dc6ee09987c37ec10ca", size = 39115 }
wheels = [
    { url = "https://files.pythonhosted.org/packages/6a/3e/b68c118422ec867fa7ab88444e1274aa40681c606d59ac27de5a5588f082/python_dotenv-1.0.1-py3-none-any.whl", hash = "sha256:f7b63ef50f1b690dddf550d03497b66d609393b40b564ed0d674909a68ebf16a", size = 19863 },
]

[[package]]
name = "requests"
version = "2.32.3"
source = { registry = "https://pypi.org/simple/" }
dependencies = [
    { name = "certifi" },
    { name = "charset-normalizer" },
    { name = "idna" },
    { name = "urllib3" },
]
sdist = { url = "https://files.pythonhosted.org/packages/63/70/2bf7780ad2d390a8d301ad0b550f1581eadbd9a20f896afe06353c2a2913/requests-2.32.3.tar.gz", hash = "sha256:55365417734eb18255590a9ff9eb97e9e1da868d4ccd6402399eaf68af20a760", size = 131218 }
wheels = [
    { url = "https://files.pythonhosted.org/packages/f9/9b/335f9764261e915ed497fcdeb11df5dfd6f7bf257d4a6a2a686d80da4d54/requests-2.32.3-py3-none-any.whl", hash = "sha256:70761cfe03c773ceb22aa2f671b4757976145175cdfca038c02654d061d6dcc6", size = 64928 },
]

[[package]]
name = "sniffio"
version = "1.3.1"
source = { registry = "https://pypi.org/simple/" }
sdist = { url = "https://files.pythonhosted.org/packages/a2/87/a6771e1546d97e7e041b6ae58d80074f81b7d5121207425c964ddf5cfdbd/sniffio-1.3.1.tar.gz", hash = "sha256:f4324edc670a0f49750a81b895f35c3adb843cca46f0530f79fc1babb23789dc", size = 20372 }
wheels = [
    { url = "https://files.pythonhosted.org/packages/e9/44/75a9c9421471a6c4805dbf2356f7c181a29c1879239abab1ea2cc8f38b40/sniffio-1.3.1-py3-none-any.whl", hash = "sha256:2f6da418d1f1e0fddd844478f41680e794e6051915791a034ff65e5f100525a2", size = 10235 },
]

[[package]]
name = "sqlparse"
version = "0.5.3"
source = { registry = "https://pypi.org/simple/" }
sdist = { url = "https://files.pythonhosted.org/packages/e5/40/edede8dd6977b0d3da179a342c198ed100dd2aba4be081861ee5911e4da4/sqlparse-0.5.3.tar.gz", hash = "sha256:09f67787f56a0b16ecdbde1bfc7f5d9c3371ca683cfeaa8e6ff60b4807ec9272", size = 84999 }
wheels = [
    { url = "https://files.pythonhosted.org/packages/a9/5c/bfd6bd0bf979426d405cc6e71eceb8701b148b16c21d2dc3c261efc61c7b/sqlparse-0.5.3-py3-none-any.whl", hash = "sha256:cf2196ed3418f3ba5de6af7e82c694a9fbdbfecccdfc72e281548517081f16ca", size = 44415 },
]

[[package]]
name = "starlette"
version = "0.45.3"
source = { registry = "https://pypi.org/simple/" }
dependencies = [
    { name = "anyio" },
]
sdist = { url = "https://files.pythonhosted.org/packages/ff/fb/2984a686808b89a6781526129a4b51266f678b2d2b97ab2d325e56116df8/starlette-0.45.3.tar.gz", hash = "sha256:2cbcba2a75806f8a41c722141486f37c28e30a0921c5f6fe4346cb0dcee1302f", size = 2574076 }
wheels = [
    { url = "https://files.pythonhosted.org/packages/d9/61/f2b52e107b1fc8944b33ef56bf6ac4ebbe16d91b94d2b87ce013bf63fb84/starlette-0.45.3-py3-none-any.whl", hash = "sha256:dfb6d332576f136ec740296c7e8bb8c8a7125044e7c6da30744718880cdd059d", size = 71507 },
]

[[package]]
name = "typing-extensions"
version = "4.12.2"
source = { registry = "https://pypi.org/simple/" }
sdist = { url = "https://files.pythonhosted.org/packages/df/db/f35a00659bc03fec321ba8bce9420de607a1d37f8342eee1863174c69557/typing_extensions-4.12.2.tar.gz", hash = "sha256:1a7ead55c7e559dd4dee8856e3a88b41225abfe1ce8df57b7c13915fe121ffb8", size = 85321 }
wheels = [
    { url = "https://files.pythonhosted.org/packages/26/9f/ad63fc0248c5379346306f8668cda6e2e2e9c95e01216d2b8ffd9ff037d0/typing_extensions-4.12.2-py3-none-any.whl", hash = "sha256:04e5ca0351e0f3f85c6853954072df659d0d13fac324d0072316b67d7794700d", size = 37438 },
]

[[package]]
name = "tzdata"
version = "2025.1"
source = { registry = "https://pypi.org/simple/" }
sdist = { url = "https://files.pythonhosted.org/packages/43/0f/fa4723f22942480be4ca9527bbde8d43f6c3f2fe8412f00e7f5f6746bc8b/tzdata-2025.1.tar.gz", hash = "sha256:24894909e88cdb28bd1636c6887801df64cb485bd593f2fd83ef29075a81d694", size = 194950 }
wheels = [
    { url = "https://files.pythonhosted.org/packages/0f/dd/84f10e23edd882c6f968c21c2434fe67bd4a528967067515feca9e611e5e/tzdata-2025.1-py2.py3-none-any.whl", hash = "sha256:7e127113816800496f027041c570f50bcd464a020098a3b6b199517772303639", size = 346762 },
]

[[package]]
name = "urllib3"
version = "2.3.0"
source = { registry = "https://pypi.org/simple/" }
sdist = { url = "https://files.pythonhosted.org/packages/aa/63/e53da845320b757bf29ef6a9062f5c669fe997973f966045cb019c3f4b66/urllib3-2.3.0.tar.gz", hash = "sha256:f8c5449b3cf0861679ce7e0503c7b44b5ec981bec0d1d3795a07f1ba96f0204d", size = 307268 }
wheels = [
    { url = "https://files.pythonhosted.org/packages/c8/19/4ec628951a74043532ca2cf5d97b7b14863931476d117c471e8e2b1eb39f/urllib3-2.3.0-py3-none-any.whl", hash = "sha256:1cee9ad369867bfdbbb48b7dd50374c0967a0bb7710050facf0dd6911440e3df", size = 128369 },
]

[[package]]
name = "uv"
version = "0.6.3"
source = { registry = "https://pypi.org/simple/" }
sdist = { url = "https://files.pythonhosted.org/packages/4e/31/8f354a0b1df7ef4cb42da118dfae046d49f2c57ae427eb948a48a236c37d/uv-0.6.3.tar.gz", hash = "sha256:73587a192f2ebb8a25431d01037fe19f713fa99ff3b9fdf6e7a121131c6c5649", size = 3081857 }
wheels = [
    { url = "https://files.pythonhosted.org/packages/bb/c2/5a4138f1c615c7702943ce94155349943b5813e51faa38b6876a2ab86033/uv-0.6.3-py3-none-linux_armv6l.whl", hash = "sha256:facfec798eaddd07615b3a52973e38f2c8862ceb1bc685a5091891cd6c0c2a21", size = 15524019 },
    { url = "https://files.pythonhosted.org/packages/02/1d/abf01aa5e02b0a066f77b69a4f2f771c2ccd5424cd553e218afb026c65b9/uv-0.6.3-py3-none-macosx_10_12_x86_64.whl", hash = "sha256:b261895497f3c55a8a8917db0a1daeba1a9988ba487b068198d6cc4e8c13e769", size = 15537243 },
    { url = "https://files.pythonhosted.org/packages/ea/ac/4c1d5e04868051874dce74333fbe98e1f61e40a1522a9258a998775f2fab/uv-0.6.3-py3-none-macosx_11_0_arm64.whl", hash = "sha256:08e3f71a39c76c5b9ab63f9341b433a4ab8a1cc4e29d34ce81bd3b6f5bd642d8", size = 14450283 },
    { url = "https://files.pythonhosted.org/packages/00/8b/6cdb9a8cb4a5579d8b22d632e98d01f7c3695066ce1a2e33036edba2413a/uv-0.6.3-py3-none-manylinux_2_17_aarch64.manylinux2014_aarch64.musllinux_1_1_aarch64.whl", hash = "sha256:ebd4d1012c5043fe507f1f4477e7a54ec81e939e2a6e0229f23abb242f1622f5", size = 14909401 },
    { url = "https://files.pythonhosted.org/packages/51/8e/4d8c31250c7440a4c3704e81dab39f7f75db046e8b23f5322c3e47549557/uv-0.6.3-py3-none-manylinux_2_17_armv7l.manylinux2014_armv7l.whl", hash = "sha256:f63b659a5ccbbd8c0ca5200c83ada6d19e73c0f1cafb8f4d9a7ef32544beb06d", size = 15245520 },
    { url = "https://files.pythonhosted.org/packages/4b/29/52976b3f7a79e4293763823e59d4de3b77506a1b9d298df0285be4879026/uv-0.6.3-py3-none-manylinux_2_17_i686.manylinux2014_i686.whl", hash = "sha256:c23948f242a6bcbd274fa18387a608a52b21a3dfed18d324641964e305c348e9", size = 15890146 },
    { url = "https://files.pythonhosted.org/packages/54/38/a3c37aaf02b890d908edfec32e7a9b86e0df819df6443837929e40ac8d7e/uv-0.6.3-py3-none-manylinux_2_17_ppc64.manylinux2014_ppc64.whl", hash = "sha256:0445ce49229001cec0a0b1240c6135e2252a3b8017ae878b0559411688a3e12a", size = 16817703 },
    { url = "https://files.pythonhosted.org/packages/df/0b/cd75c692266eb1cdea6764f9fb14d88babfa8d8433c414ac18623777760d/uv-0.6.3-py3-none-manylinux_2_17_ppc64le.manylinux2014_ppc64le.whl", hash = "sha256:95ab9e9194046f4fb50daec6293e471fc18b6e1d350dba4f5328d0f19f6ec183", size = 16509829 },
    { url = "https://files.pythonhosted.org/packages/1c/5c/35747d595bf13f5b495a29ec9bb6212fd2fad7d8c32324a7faaeb6a643d0/uv-0.6.3-py3-none-manylinux_2_17_s390x.manylinux2014_s390x.whl", hash = "sha256:af417925d7af00be949ebcab1bf187540bea235e9454aa2193ffae5b7ecc75cf", size = 20477063 },
    { url = "https://files.pythonhosted.org/packages/23/c7/4ea3d3f23d24240c54deee0248766c320163eef8b0117310f0be168fe0f0/uv-0.6.3-py3-none-manylinux_2_17_x86_64.manylinux2014_x86_64.whl", hash = "sha256:ed2d4e3c6e041bc8b55f931a58d758220e46e828b983967fbb318a117d879351", size = 16190208 },
    { url = "https://files.pythonhosted.org/packages/83/f2/96d4981c3490fabc5ba787703951124969f5b6dc8e3166543e7534de2dea/uv-0.6.3-py3-none-manylinux_2_28_aarch64.whl", hash = "sha256:a936275590f3091b05c03ad3ce69e2f8a4c964e80ae44ce0cf13cc3b412352f1", size = 15145146 },
    { url = "https://files.pythonhosted.org/packages/2b/62/1be7fb8b97fd057460b733bbdf30e71e771dcfbfab27b7db552fa4e219e6/uv-0.6.3-py3-none-musllinux_1_1_armv7l.whl", hash = "sha256:e842e96b941832cd95cb2fce90c5626b33e477773f425005e9237f8fd9ef5696", size = 15245907 },
    { url = "https://files.pythonhosted.org/packages/e0/1b/5849046e11f8154567b235fc8097ebb6a0d6416b3ce317300d9b06470481/uv-0.6.3-py3-none-musllinux_1_1_i686.whl", hash = "sha256:cd51af332fb0f6362cc44e4cca22c2d12c31dd52352c6259cae0e3570ce79da4", size = 15504955 },
    { url = "https://files.pythonhosted.org/packages/ec/46/d4fa9bd06f84bb83e452f3f201b058cd13969cb979402ff000c2e4c77a1e/uv-0.6.3-py3-none-musllinux_1_1_x86_64.whl", hash = "sha256:328677a74c7d998b654e4bfd50ba4347d0f3deed85284dbd041004a184353806", size = 16317436 },
    { url = "https://files.pythonhosted.org/packages/0b/d9/f93e4522cf1de51ff1a985ead75df85523cd1b689128b1b033c9e31204b8/uv-0.6.3-py3-none-win32.whl", hash = "sha256:dc2d965481bba716a0cf9d0f81896a70c341a854f0e4273f1887f22e52e5c9fb", size = 15545377 },
    { url = "https://files.pythonhosted.org/packages/91/ea/27dd790ec0d1f8c4ced06e27a409522bd157ed295a1140b3fb6cac3cd39a/uv-0.6.3-py3-none-win_amd64.whl", hash = "sha256:8fc19471fd4cfde1b31a47c239591d7c6dc0a31213f206d3953c528f9f3b406c", size = 16860609 },
    { url = "https://files.pythonhosted.org/packages/97/0f/01e48493264d75cfac6c953809e11c8356c77fb6be32dfce831bcf481ab2/uv-0.6.3-py3-none-win_arm64.whl", hash = "sha256:94a9d59c05f22829388e51a62a9cfddef4000a112e1c561bb5bd5761d4d672f1", size = 15697009 },
]

[[package]]
name = "uvicorn"
version = "0.34.0"
source = { registry = "https://pypi.org/simple/" }
dependencies = [
    { name = "click" },
    { name = "h11" },
]
sdist = { url = "https://files.pythonhosted.org/packages/4b/4d/938bd85e5bf2edeec766267a5015ad969730bb91e31b44021dfe8b22df6c/uvicorn-0.34.0.tar.gz", hash = "sha256:404051050cd7e905de2c9a7e61790943440b3416f49cb409f965d9dcd0fa73e9", size = 76568 }
wheels = [
    { url = "https://files.pythonhosted.org/packages/61/14/33a3a1352cfa71812a3a21e8c9bfb83f60b0011f5e36f2b1399d51928209/uvicorn-0.34.0-py3-none-any.whl", hash = "sha256:023dc038422502fa28a09c7a30bf2b6991512da7dcdb8fd35fe57cfc154126f4", size = 62315 },
]
